
Microsoft Visual Studio Solution File, Format Version 12.00
# Visual Studio Version 17
VisualStudioVersion = 17.14.36518.9 d17.14
MinimumVisualStudioVersion = 10.0.40219.1
Project("{FAE04EC0-301F-11D3-BF4B-00C04F79EFBC}") = "NPCGarageHelper", "NPCGarageHelper.csproj", "{4E21D382-7820-4E6E-B65A-EA8FC76D2996}"
EndProject
Global
	GlobalSection(SolutionConfigurationPlatforms) = preSolution
		Debug|Any CPU = Debug|Any CPU
		Release|Any CPU = Release|Any CPU
	EndGlobalSection
	GlobalSection(ProjectConfigurationPlatforms) = postSolution
		{4E21D382-7820-4E6E-B65A-EA8FC76D2996}.Debug|Any CPU.ActiveCfg = Debug|Any CPU
		{4E21D382-7820-4E6E-B65A-EA8FC76D2996}.Debug|Any CPU.Build.0 = Debug|Any CPU
		{4E21D382-7820-4E6E-B65A-EA8FC76D2996}.Release|Any CPU.ActiveCfg = Release|Any CPU
		{4E21D382-7820-4E6E-B65A-EA8FC76D2996}.Release|Any CPU.Build.0 = Release|Any CPU
	EndGlobalSection
	GlobalSection(SolutionProperties) = preSolution
		HideSolutionNode = FALSE
	EndGlobalSection
	GlobalSection(ExtensibilityGlobals) = postSolution
		SolutionGuid = {300B9D3C-CA97-4416-B5BC-75C4A031D331}
	EndGlobalSection
EndGlobal
